
Microsoft Visual Studio Solution File, Format Version 12.00
# Visual Studio Version 17
VisualStudioVersion = 17.0.31903.59
MinimumVisualStudioVersion = 10.0.40219.1
Project("{FAE04EC0-301F-11D3-BF4B-00C04F79EFBC}") = "Frends.AzureDataLake.DeleteFiles", "Frends.AzureDataLake.DeleteFiles\Frends.AzureDataLake.DeleteFiles.csproj", "{FE798A2B-A190-4543-B921-3E90B29A0698}"
EndProject
Project("{FAE04EC0-301F-11D3-BF4B-00C04F79EFBC}") = "Frends.AzureDataLake.DeleteFiles.Tests", "Frends.AzureDataLake.DeleteFiles.Tests\Frends.AzureDataLake.DeleteFiles.Tests.csproj", "{652E7BBB-D520-489A-A517-DEA1B7A67F40}"
EndProject
Global
	GlobalSection(SolutionConfigurationPlatforms) = preSolution
		Debug|Any CPU = Debug|Any CPU
		Release|Any CPU = Release|Any CPU
	EndGlobalSection
	GlobalSection(SolutionProperties) = preSolution
		HideSolutionNode = FALSE
	EndGlobalSection
	GlobalSection(ProjectConfigurationPlatforms) = postSolution
		{FE798A2B-A190-4543-B921-3E90B29A0698}.Debug|Any CPU.ActiveCfg = Debug|Any CPU
		{FE798A2B-A190-4543-B921-3E90B29A0698}.Debug|Any CPU.Build.0 = Debug|Any CPU
		{FE798A2B-A190-4543-B921-3E90B29A0698}.Release|Any CPU.ActiveCfg = Release|Any CPU
		{FE798A2B-A190-4543-B921-3E90B29A0698}.Release|Any CPU.Build.0 = Release|Any CPU
		{652E7BBB-D520-489A-A517-DEA1B7A67F40}.Debug|Any CPU.ActiveCfg = Debug|Any CPU
		{652E7BBB-D520-489A-A517-DEA1B7A67F40}.Debug|Any CPU.Build.0 = Debug|Any CPU
		{652E7BBB-D520-489A-A517-DEA1B7A67F40}.Release|Any CPU.ActiveCfg = Release|Any CPU
		{652E7BBB-D520-489A-A517-DEA1B7A67F40}.Release|Any CPU.Build.0 = Release|Any CPU
	EndGlobalSection
EndGlobal
