
Microsoft Visual Studio Solution File, Format Version 12.00
# Visual Studio Version 17
VisualStudioVersion = 17.0.31903.59
MinimumVisualStudioVersion = 10.0.40219.1
Project("{FAE04EC0-301F-11D3-BF4B-00C04F79EFBC}") = "Frends.AzureDataLake.UploadFiles", "Frends.AzureDataLake.UploadFiles\Frends.AzureDataLake.UploadFiles.csproj", "{A65F9597-D7C3-45C7-A17E-F93DAC999248}"
EndProject
Project("{FAE04EC0-301F-11D3-BF4B-00C04F79EFBC}") = "Frends.AzureDataLake.UploadFiles.Tests", "Frends.AzureDataLake.UploadFiles.Tests\Frends.AzureDataLake.UploadFiles.Tests.csproj", "{5C43BA44-FC97-47A4-8474-EA96594AF7F5}"
EndProject
Global
	GlobalSection(SolutionConfigurationPlatforms) = preSolution
		Debug|Any CPU = Debug|Any CPU
		Release|Any CPU = Release|Any CPU
	EndGlobalSection
	GlobalSection(SolutionProperties) = preSolution
		HideSolutionNode = FALSE
	EndGlobalSection
	GlobalSection(ProjectConfigurationPlatforms) = postSolution
		{A65F9597-D7C3-45C7-A17E-F93DAC999248}.Debug|Any CPU.ActiveCfg = Debug|Any CPU
		{A65F9597-D7C3-45C7-A17E-F93DAC999248}.Debug|Any CPU.Build.0 = Debug|Any CPU
		{A65F9597-D7C3-45C7-A17E-F93DAC999248}.Release|Any CPU.ActiveCfg = Release|Any CPU
		{A65F9597-D7C3-45C7-A17E-F93DAC999248}.Release|Any CPU.Build.0 = Release|Any CPU
		{5C43BA44-FC97-47A4-8474-EA96594AF7F5}.Debug|Any CPU.ActiveCfg = Debug|Any CPU
		{5C43BA44-FC97-47A4-8474-EA96594AF7F5}.Debug|Any CPU.Build.0 = Debug|Any CPU
		{5C43BA44-FC97-47A4-8474-EA96594AF7F5}.Release|Any CPU.ActiveCfg = Release|Any CPU
		{5C43BA44-FC97-47A4-8474-EA96594AF7F5}.Release|Any CPU.Build.0 = Release|Any CPU
	EndGlobalSection
EndGlobal
